PODS:
  - Alamofire (5.2.2)
  - SDWebImage (5.8.4):
    - SDWebImage/Core (= 5.8.4)
  - SDWebImage/Core (5.8.4)
  - TPKeyboardAvoiding (1.3.4)

DEPENDENCIES:
  - Alamofire (~> 5.2)
  - SDWebImage (~> 5.0)
  - TPKeyboardAvoiding (~> 1.3)

SPEC REPOS:
  trunk:
    - Alamofire
    - SDWebImage
    - TPKeyboardAvoiding

SPEC CHECKSUMS:
  Alamofire: 814429acc853c6c54ff123fc3d2ef66803823ce0
  SDWebImage: cf6922231e95550934da2ada0f20f2becf2ceba9
  TPKeyboardAvoiding: 7c2187e2338052b2c5be4a8052f297fdb124e261

PODFILE CHECKSUM: 8df06e37d6e757c6f82f148767b8fdca2b89cc1c

COCOAPODS: 1.9.3
