// !$*UTF8*$!
{
	archiveVersion = 1;
	classes = {
	};
	objectVersion = 51;
	objects = {

/* Begin PBXBuildFile section */
		2390EC7A24E1708400607910 /* AppDelegate.swift in Sources */ = {isa = PBXBuildFile; fileRef = 2390EC7924E1708400607910 /* AppDelegate.swift */; };
		2390EC7C24E1708400607910 /* SceneDelegate.swift in Sources */ = {isa = PBXBuildFile; fileRef = 2390EC7B24E1708400607910 /* SceneDelegate.swift */; };
		2390EC7E24E1708400607910 /* ViewController.swift in Sources */ = {isa = PBXBuildFile; fileRef = 2390EC7D24E1708400607910 /* ViewController.swift */; };
		2390EC8124E1708400607910 /* Main.storyboard in Resources */ = {isa = PBXBuildFile; fileRef = 2390EC7F24E1708400607910 /* Main.storyboard */; };
		2390EC8424E1708400607910 /* Turbo_Movie.xcdatamodeld in Sources */ = {isa = PBXBuildFile; fileRef = 2390EC8224E1708400607910 /* Turbo_Movie.xcdatamodeld */; };
		2390EC8624E1708400607910 /* Assets.xcassets in Resources */ = {isa = PBXBuildFile; fileRef = 2390EC8524E1708400607910 /* Assets.xcassets */; };
		2390EC8924E1708400607910 /* LaunchScreen.storyboard in Resources */ = {isa = PBXBuildFile; fileRef = 2390EC8724E1708400607910 /* LaunchScreen.storyboard */; };
		2390EC9424E1708400607910 /* Turbo_MovieTests.swift in Sources */ = {isa = PBXBuildFile; fileRef = 2390EC9324E1708400607910 /* Turbo_MovieTests.swift */; };
		2390EC9F24E1708400607910 /* Turbo_MovieUITests.swift in Sources */ = {isa = PBXBuildFile; fileRef = 2390EC9E24E1708400607910 /* Turbo_MovieUITests.swift */; };
		2390ECB224E177AF00607910 /* NetworkManager.swift in Sources */ = {isa = PBXBuildFile; fileRef = 2390ECB124E177AF00607910 /* NetworkManager.swift */; };
		2390ECB424E1785900607910 /* Constants.swift in Sources */ = {isa = PBXBuildFile; fileRef = 2390ECB324E1785900607910 /* Constants.swift */; };
		2390ECB624E17B1000607910 /* WelcomViewController.swift in Sources */ = {isa = PBXBuildFile; fileRef = 2390ECB524E17B1000607910 /* WelcomViewController.swift */; };
		2390ECB824E17B2000607910 /* LoginViewController.swift in Sources */ = {isa = PBXBuildFile; fileRef = 2390ECB724E17B2000607910 /* LoginViewController.swift */; };
		2390ECBC24E17B7500607910 /* MovieTableViewController.swift in Sources */ = {isa = PBXBuildFile; fileRef = 2390ECBB24E17B7500607910 /* MovieTableViewController.swift */; };
		2390ECBE24E1823400607910 /* Movie.swift in Sources */ = {isa = PBXBuildFile; fileRef = 2390ECBD24E1823400607910 /* Movie.swift */; };
		2390ECC024E18F1400607910 /* MovieTableViewCell.swift in Sources */ = {isa = PBXBuildFile; fileRef = 2390ECBF24E18F1400607910 /* MovieTableViewCell.swift */; };
		2390ECC224E19C3400607910 /* CustomButton.swift in Sources */ = {isa = PBXBuildFile; fileRef = 2390ECC124E19C3400607910 /* CustomButton.swift */; };
		2390ECC424E19D8E00607910 /* CustomView.swift in Sources */ = {isa = PBXBuildFile; fileRef = 2390ECC324E19D8E00607910 /* CustomView.swift */; };
		7B172E6BB4F0BD93C313150C /* Pods_Turbo_Movie.framework in Frameworks */ = {isa = PBXBuildFile; fileRef = 373D82CA70EF9C606FBCF627 /* Pods_Turbo_Movie.framework */; };
		AAACDDF65490707F7BF66209 /* Pods_Turbo_Movie_Turbo_MovieUITests.framework in Frameworks */ = {isa = PBXBuildFile; fileRef = 3207CC1ADD1B42EB168AE98F /* Pods_Turbo_Movie_Turbo_MovieUITests.framework */; };
		AF45C7EDA06A32DA92B6243D /* Pods_Turbo_MovieTests.framework in Frameworks */ = {isa = PBXBuildFile; fileRef = 269ADD4F09FECE2D09F94A8F /* Pods_Turbo_MovieTests.framework */; };
/* End PBXBuildFile section */

/* Begin PBXContainerItemProxy section */
		2390EC9024E1708400607910 /* PBXContainerItemProxy */ = {
			isa = PBXContainerItemProxy;
			containerPortal = 2390EC6E24E1708300607910 /* Project object */;
			proxyType = 1;
			remoteGlobalIDString = 2390EC7524E1708400607910;
			remoteInfo = "Turbo Movie";
		};
		2390EC9B24E1708400607910 /* PBXContainerItemProxy */ = {
			isa = PBXContainerItemProxy;
			containerPortal = 2390EC6E24E1708300607910 /* Project object */;
			proxyType = 1;
			remoteGlobalIDString = 2390EC7524E1708400607910;
			remoteInfo = "Turbo Movie";
		};
/* End PBXContainerItemProxy section */

/* Begin PBXFileReference section */
		22B2CE95F4C8AD2F5D37BA9E /* Pods-Turbo Movie.release.xcconfig */ = {isa = PBXFileReference; includeInIndex = 1; lastKnownFileType = text.xcconfig; name = "Pods-Turbo Movie.release.xcconfig"; path = "Target Support Files/Pods-Turbo Movie/Pods-Turbo Movie.release.xcconfig"; sourceTree = "<group>"; };
		2390EC7624E1708400607910 /* Turbo Movie.app */ = {isa = PBXFileReference; explicitFileType = wrapper.application; includeInIndex = 0; path = "Turbo Movie.app"; sourceTree = BUILT_PRODUCTS_DIR; };
		2390EC7924E1708400607910 /* AppDelegate.swift */ = {isa = PBXFileReference; lastKnownFileType = sourcecode.swift; path = AppDelegate.swift; sourceTree = "<group>"; };
		2390EC7B24E1708400607910 /* SceneDelegate.swift */ = {isa = PBXFileReference; lastKnownFileType = sourcecode.swift; path = SceneDelegate.swift; sourceTree = "<group>"; };
		2390EC7D24E1708400607910 /* ViewController.swift */ = {isa = PBXFileReference; lastKnownFileType = sourcecode.swift; path = ViewController.swift; sourceTree = "<group>"; };
		2390EC8024E1708400607910 /* Base */ = {isa = PBXFileReference; lastKnownFileType = file.storyboard; name = Base; path = Base.lproj/Main.storyboard; sourceTree = "<group>"; };
		2390EC8324E1708400607910 /* Turbo_Movie.xcdatamodel */ = {isa = PBXFileReference; lastKnownFileType = wrapper.xcdatamodel; path = Turbo_Movie.xcdatamodel; sourceTree = "<group>"; };
		2390EC8524E1708400607910 /* Assets.xcassets */ = {isa = PBXFileReference; lastKnownFileType = folder.assetcatalog; path = Assets.xcassets; sourceTree = "<group>"; };
		2390EC8824E1708400607910 /* Base */ = {isa = PBXFileReference; lastKnownFileType = file.storyboard; name = Base; path = Base.lproj/LaunchScreen.storyboard; sourceTree = "<group>"; };
		2390EC8A24E1708400607910 /* Info.plist */ = {isa = PBXFileReference; lastKnownFileType = text.plist.xml; path = Info.plist; sourceTree = "<group>"; };
		2390EC8F24E1708400607910 /* Turbo MovieTests.xctest */ = {isa = PBXFileReference; explicitFileType = wrapper.cfbundle; includeInIndex = 0; path = "Turbo MovieTests.xctest"; sourceTree = BUILT_PRODUCTS_DIR; };
		2390EC9324E1708400607910 /* Turbo_MovieTests.swift */ = {isa = PBXFileReference; lastKnownFileType = sourcecode.swift; path = Turbo_MovieTests.swift; sourceTree = "<group>"; };
		2390EC9524E1708400607910 /* Info.plist */ = {isa = PBXFileReference; lastKnownFileType = text.plist.xml; path = Info.plist; sourceTree = "<group>"; };
		2390EC9A24E1708400607910 /* Turbo MovieUITests.xctest */ = {isa = PBXFileReference; explicitFileType = wrapper.cfbundle; includeInIndex = 0; path = "Turbo MovieUITests.xctest"; sourceTree = BUILT_PRODUCTS_DIR; };
		2390EC9E24E1708400607910 /* Turbo_MovieUITests.swift */ = {isa = PBXFileReference; lastKnownFileType = sourcecode.swift; path = Turbo_MovieUITests.swift; sourceTree = "<group>"; };
		2390ECA024E1708400607910 /* Info.plist */ = {isa = PBXFileReference; lastKnownFileType = text.plist.xml; path = Info.plist; sourceTree = "<group>"; };
		2390ECB124E177AF00607910 /* NetworkManager.swift */ = {isa = PBXFileReference; lastKnownFileType = sourcecode.swift; path = NetworkManager.swift; sourceTree = "<group>"; };
		2390ECB324E1785900607910 /* Constants.swift */ = {isa = PBXFileReference; lastKnownFileType = sourcecode.swift; path = Constants.swift; sourceTree = "<group>"; };
		2390ECB524E17B1000607910 /* WelcomViewController.swift */ = {isa = PBXFileReference; lastKnownFileType = sourcecode.swift; path = WelcomViewController.swift; sourceTree = "<group>"; };
		2390ECB724E17B2000607910 /* LoginViewController.swift */ = {isa = PBXFileReference; lastKnownFileType = sourcecode.swift; path = LoginViewController.swift; sourceTree = "<group>"; };
		2390ECBB24E17B7500607910 /* MovieTableViewController.swift */ = {isa = PBXFileReference; lastKnownFileType = sourcecode.swift; path = MovieTableViewController.swift; sourceTree = "<group>"; };
		2390ECBD24E1823400607910 /* Movie.swift */ = {isa = PBXFileReference; lastKnownFileType = sourcecode.swift; path = Movie.swift; sourceTree = "<group>"; };
		2390ECBF24E18F1400607910 /* MovieTableViewCell.swift */ = {isa = PBXFileReference; lastKnownFileType = sourcecode.swift; path = MovieTableViewCell.swift; sourceTree = "<group>"; };
		2390ECC124E19C3400607910 /* CustomButton.swift */ = {isa = PBXFileReference; lastKnownFileType = sourcecode.swift; path = CustomButton.swift; sourceTree = "<group>"; };
		2390ECC324E19D8E00607910 /* CustomView.swift */ = {isa = PBXFileReference; lastKnownFileType = sourcecode.swift; path = CustomView.swift; sourceTree = "<group>"; };
		269ADD4F09FECE2D09F94A8F /* Pods_Turbo_MovieTests.framework */ = {isa = PBXFileReference; explicitFileType = wrapper.framework; includeInIndex = 0; path = Pods_Turbo_MovieTests.framework; sourceTree = BUILT_PRODUCTS_DIR; };
		293CD57D5253ABA132C39F6D /* Pods-Turbo Movie.debug.xcconfig */ = {isa = PBXFileReference; includeInIndex = 1; lastKnownFileType = text.xcconfig; name = "Pods-Turbo Movie.debug.xcconfig"; path = "Target Support Files/Pods-Turbo Movie/Pods-Turbo Movie.debug.xcconfig"; sourceTree = "<group>"; };
		3207CC1ADD1B42EB168AE98F /* Pods_Turbo_Movie_Turbo_MovieUITests.framework */ = {isa = PBXFileReference; explicitFileType = wrapper.framework; includeInIndex = 0; path = Pods_Turbo_Movie_Turbo_MovieUITests.framework; sourceTree = BUILT_PRODUCTS_DIR; };
		373D82CA70EF9C606FBCF627 /* Pods_Turbo_Movie.framework */ = {isa = PBXFileReference; explicitFileType = wrapper.framework; includeInIndex = 0; path = Pods_Turbo_Movie.framework; sourceTree = BUILT_PRODUCTS_DIR; };
		4BE4A3D04E2B541DC8292F9A /* Pods-Turbo MovieTests.debug.xcconfig */ = {isa = PBXFileReference; includeInIndex = 1; lastKnownFileType = text.xcconfig; name = "Pods-Turbo MovieTests.debug.xcconfig"; path = "Target Support Files/Pods-Turbo MovieTests/Pods-Turbo MovieTests.debug.xcconfig"; sourceTree = "<group>"; };
		73D3ED333EB7B01BD92D1E62 /* Pods-Turbo MovieTests.release.xcconfig */ = {isa = PBXFileReference; includeInIndex = 1; lastKnownFileType = text.xcconfig; name = "Pods-Turbo MovieTests.release.xcconfig"; path = "Target Support Files/Pods-Turbo MovieTests/Pods-Turbo MovieTests.release.xcconfig"; sourceTree = "<group>"; };
		AB8B040CF6F1F603BDC7BDB7 /* Pods-Turbo Movie-Turbo MovieUITests.debug.xcconfig */ = {isa = PBXFileReference; includeInIndex = 1; lastKnownFileType = text.xcconfig; name = "Pods-Turbo Movie-Turbo MovieUITests.debug.xcconfig"; path = "Target Support Files/Pods-Turbo Movie-Turbo MovieUITests/Pods-Turbo Movie-Turbo MovieUITests.debug.xcconfig"; sourceTree = "<group>"; };
		D20991F2224EDCBCDDAA630F /* Pods-Turbo Movie-Turbo MovieUITests.release.xcconfig */ = {isa = PBXFileReference; includeInIndex = 1; lastKnownFileType = text.xcconfig; name = "Pods-Turbo Movie-Turbo MovieUITests.release.xcconfig"; path = "Target Support Files/Pods-Turbo Movie-Turbo MovieUITests/Pods-Turbo Movie-Turbo MovieUITests.release.xcconfig"; sourceTree = "<group>"; };
/* End PBXFileReference section */

/* Begin PBXFrameworksBuildPhase section */
		2390EC7324E1708400607910 /* Frameworks */ = {
			isa = PBXFrameworksBuildPhase;
			buildActionMask = 2147483647;
			files = (
				7B172E6BB4F0BD93C313150C /* Pods_Turbo_Movie.framework in Frameworks */,
			);
			runOnlyForDeploymentPostprocessing = 0;
		};
		2390EC8C24E1708400607910 /* Frameworks */ = {
			isa = PBXFrameworksBuildPhase;
			buildActionMask = 2147483647;
			files = (
				AF45C7EDA06A32DA92B6243D /* Pods_Turbo_MovieTests.framework in Frameworks */,
			);
			runOnlyForDeploymentPostprocessing = 0;
		};
		2390EC9724E1708400607910 /* Frameworks */ = {
			isa = PBXFrameworksBuildPhase;
			buildActionMask = 2147483647;
			files = (
				AAACDDF65490707F7BF66209 /* Pods_Turbo_Movie_Turbo_MovieUITests.framework in Frameworks */,
			);
			runOnlyForDeploymentPostprocessing = 0;
		};
/* End PBXFrameworksBuildPhase section */

/* Begin PBXGroup section */
		2390EC6D24E1708300607910 = {
			isa = PBXGroup;
			children = (
				2390EC7824E1708400607910 /* Turbo Movie */,
				2390EC9224E1708400607910 /* Turbo MovieTests */,
				2390EC9D24E1708400607910 /* Turbo MovieUITests */,
				2390EC7724E1708400607910 /* Products */,
				F88F177A492E012E8E714DCC /* Pods */,
				7458E322B9E7FE7175568BAE /* Frameworks */,
			);
			sourceTree = "<group>";
		};
		2390EC7724E1708400607910 /* Products */ = {
			isa = PBXGroup;
			children = (
				2390EC7624E1708400607910 /* Turbo Movie.app */,
				2390EC8F24E1708400607910 /* Turbo MovieTests.xctest */,
				2390EC9A24E1708400607910 /* Turbo MovieUITests.xctest */,
			);
			name = Products;
			sourceTree = "<group>";
		};
		2390EC7824E1708400607910 /* Turbo Movie */ = {
			isa = PBXGroup;
			children = (
				2390ECB024E1731D00607910 /* Modules */,
				2390ECAF24E1730800607910 /* Assets */,
				2390ECAE24E172F500607910 /* Controllers */,
				2390ECAD24E172EF00607910 /* Views */,
				2390ECAC24E172E300607910 /* Models */,
				2390EC7924E1708400607910 /* AppDelegate.swift */,
				2390EC7B24E1708400607910 /* SceneDelegate.swift */,
				2390EC8A24E1708400607910 /* Info.plist */,
			);
			path = "Turbo Movie";
			sourceTree = "<group>";
		};
		2390EC9224E1708400607910 /* Turbo MovieTests */ = {
			isa = PBXGroup;
			children = (
				2390EC9324E1708400607910 /* Turbo_MovieTests.swift */,
				2390EC9524E1708400607910 /* Info.plist */,
			);
			path = "Turbo MovieTests";
			sourceTree = "<group>";
		};
		2390EC9D24E1708400607910 /* Turbo MovieUITests */ = {
			isa = PBXGroup;
			children = (
				2390EC9E24E1708400607910 /* Turbo_MovieUITests.swift */,
				2390ECA024E1708400607910 /* Info.plist */,
			);
			path = "Turbo MovieUITests";
			sourceTree = "<group>";
		};
		2390ECAC24E172E300607910 /* Models */ = {
			isa = PBXGroup;
			children = (
				2390ECBD24E1823400607910 /* Movie.swift */,
			);
			path = Models;
			sourceTree = "<group>";
		};
		2390ECAD24E172EF00607910 /* Views */ = {
			isa = PBXGroup;
			children = (
				2390EC7F24E1708400607910 /* Main.storyboard */,
				2390EC8724E1708400607910 /* LaunchScreen.storyboard */,
				2390ECBF24E18F1400607910 /* MovieTableViewCell.swift */,
				2390ECC124E19C3400607910 /* CustomButton.swift */,
				2390ECC324E19D8E00607910 /* CustomView.swift */,
			);
			path = Views;
			sourceTree = "<group>";
		};
		2390ECAE24E172F500607910 /* Controllers */ = {
			isa = PBXGroup;
			children = (
				2390EC7D24E1708400607910 /* ViewController.swift */,
				2390ECB524E17B1000607910 /* WelcomViewController.swift */,
				2390ECB724E17B2000607910 /* LoginViewController.swift */,
				2390ECBB24E17B7500607910 /* MovieTableViewController.swift */,
			);
			path = Controllers;
			sourceTree = "<group>";
		};
		2390ECAF24E1730800607910 /* Assets */ = {
			isa = PBXGroup;
			children = (
				2390EC8524E1708400607910 /* Assets.xcassets */,
				2390EC8224E1708400607910 /* Turbo_Movie.xcdatamodeld */,
			);
			path = Assets;
			sourceTree = "<group>";
		};
		2390ECB024E1731D00607910 /* Modules */ = {
			isa = PBXGroup;
			children = (
				2390ECB124E177AF00607910 /* NetworkManager.swift */,
				2390ECB324E1785900607910 /* Constants.swift */,
			);
			path = Modules;
			sourceTree = "<group>";
		};
		7458E322B9E7FE7175568BAE /* Frameworks */ = {
			isa = PBXGroup;
			children = (
				373D82CA70EF9C606FBCF627 /* Pods_Turbo_Movie.framework */,
				3207CC1ADD1B42EB168AE98F /* Pods_Turbo_Movie_Turbo_MovieUITests.framework */,
				269ADD4F09FECE2D09F94A8F /* Pods_Turbo_MovieTests.framework */,
			);
			name = Frameworks;
			sourceTree = "<group>";
		};
		F88F177A492E012E8E714DCC /* Pods */ = {
			isa = PBXGroup;
			children = (
				293CD57D5253ABA132C39F6D /* Pods-Turbo Movie.debug.xcconfig */,
				22B2CE95F4C8AD2F5D37BA9E /* Pods-Turbo Movie.release.xcconfig */,
				AB8B040CF6F1F603BDC7BDB7 /* Pods-Turbo Movie-Turbo MovieUITests.debug.xcconfig */,
				D20991F2224EDCBCDDAA630F /* Pods-Turbo Movie-Turbo MovieUITests.release.xcconfig */,
				4BE4A3D04E2B541DC8292F9A /* Pods-Turbo MovieTests.debug.xcconfig */,
				73D3ED333EB7B01BD92D1E62 /* Pods-Turbo MovieTests.release.xcconfig */,
			);
			path = Pods;
			sourceTree = "<group>";
		};
/* End PBXGroup section */

/* Begin PBXNativeTarget section */
		2390EC7524E1708400607910 /* Turbo Movie */ = {
			isa = PBXNativeTarget;
			buildConfigurationList = 2390ECA324E1708400607910 /* Build configuration list for PBXNativeTarget "Turbo Movie" */;
			buildPhases = (
				C663B766DB0FDB16A3B8C902 /* [CP] Check Pods Manifest.lock */,
				2390EC7224E1708400607910 /* Sources */,
				2390EC7324E1708400607910 /* Frameworks */,
				2390EC7424E1708400607910 /* Resources */,
				CD75170469BBF58ADFC29C0E /* [CP] Embed Pods Frameworks */,
			);
			buildRules = (
			);
			dependencies = (
			);
			name = "Turbo Movie";
			productName = "Turbo Movie";
			productReference = 2390EC7624E1708400607910 /* Turbo Movie.app */;
			productType = "com.apple.product-type.application";
		};
		2390EC8E24E1708400607910 /* Turbo MovieTests */ = {
			isa = PBXNativeTarget;
			buildConfigurationList = 2390ECA624E1708400607910 /* Build configuration list for PBXNativeTarget "Turbo MovieTests" */;
			buildPhases = (
				767873005221C89561F04F13 /* [CP] Check Pods Manifest.lock */,
				2390EC8B24E1708400607910 /* Sources */,
				2390EC8C24E1708400607910 /* Frameworks */,
				2390EC8D24E1708400607910 /* Resources */,
			);
			buildRules = (
			);
			dependencies = (
				2390EC9124E1708400607910 /* PBXTargetDependency */,
			);
			name = "Turbo MovieTests";
			productName = "Turbo MovieTests";
			productReference = 2390EC8F24E1708400607910 /* Turbo MovieTests.xctest */;
			productType = "com.apple.product-type.bundle.unit-test";
		};
		2390EC9924E1708400607910 /* Turbo MovieUITests */ = {
			isa = PBXNativeTarget;
			buildConfigurationList = 2390ECA924E1708400607910 /* Build configuration list for PBXNativeTarget "Turbo MovieUITests" */;
			buildPhases = (
				71CA1435A6AFC3CE2E284EF2 /* [CP] Check Pods Manifest.lock */,
				2390EC9624E1708400607910 /* Sources */,
				2390EC9724E1708400607910 /* Frameworks */,
				2390EC9824E1708400607910 /* Resources */,
				FBB9585CC94A9F8B26112CEB /* [CP] Embed Pods Frameworks */,
			);
			buildRules = (
			);
			dependencies = (
				2390EC9C24E1708400607910 /* PBXTargetDependency */,
			);
			name = "Turbo MovieUITests";
			productName = "Turbo MovieUITests";
			productReference = 2390EC9A24E1708400607910 /* Turbo MovieUITests.xctest */;
			productType = "com.apple.product-type.bundle.ui-testing";
		};
/* End PBXNativeTarget section */

/* Begin PBXProject section */
		2390EC6E24E1708300607910 /* Project object */ = {
			isa = PBXProject;
			attributes = {
				LastSwiftUpdateCheck = 1160;
				LastUpgradeCheck = 1160;
				ORGANIZATIONNAME = Slash;
				TargetAttributes = {
					2390EC7524E1708400607910 = {
						CreatedOnToolsVersion = 11.6;
					};
					2390EC8E24E1708400607910 = {
						CreatedOnToolsVersion = 11.6;
						TestTargetID = 2390EC7524E1708400607910;
					};
					2390EC9924E1708400607910 = {
						CreatedOnToolsVersion = 11.6;
						TestTargetID = 2390EC7524E1708400607910;
					};
				};
			};
			buildConfigurationList = 2390EC7124E1708300607910 /* Build configuration list for PBXProject "Turbo Movie" */;
			compatibilityVersion = "Xcode 9.3";
			developmentRegion = en;
			hasScannedForEncodings = 0;
			knownRegions = (
				en,
				Base,
			);
			mainGroup = 2390EC6D24E1708300607910;
			productRefGroup = 2390EC7724E1708400607910 /* Products */;
			projectDirPath = "";
			projectRoot = "";
			targets = (
				2390EC7524E1708400607910 /* Turbo Movie */,
				2390EC8E24E1708400607910 /* Turbo MovieTests */,
				2390EC9924E1708400607910 /* Turbo MovieUITests */,
			);
		};
/* End PBXProject section */

/* Begin PBXResourcesBuildPhase section */
		2390EC7424E1708400607910 /* Resources */ = {
			isa = PBXResourcesBuildPhase;
			buildActionMask = 2147483647;
			files = (
				2390EC8924E1708400607910 /* LaunchScreen.storyboard in Resources */,
				2390EC8624E1708400607910 /* Assets.xcassets in Resources */,
				2390EC8124E1708400607910 /* Main.storyboard in Resources */,
			);
			runOnlyForDeploymentPostprocessing = 0;
		};
		2390EC8D24E1708400607910 /* Resources */ = {
			isa = PBXResourcesBuildPhase;
			buildActionMask = 2147483647;
			files = (
			);
			runOnlyForDeploymentPostprocessing = 0;
		};
		2390EC9824E1708400607910 /* Resources */ = {
			isa = PBXResourcesBuildPhase;
			buildActionMask = 2147483647;
			files = (
			);
			runOnlyForDeploymentPostprocessing = 0;
		};
/* End PBXResourcesBuildPhase section */

/* Begin PBXShellScriptBuildPhase section */
		71CA1435A6AFC3CE2E284EF2 /* [CP] Check Pods Manifest.lock */ = {
			isa = PBXShellScriptBuildPhase;
			buildActionMask = 2147483647;
			files = (
			);
			inputFileListPaths = (
			);
			inputPaths = (
				"${PODS_PODFILE_DIR_PATH}/Podfile.lock",
				"${PODS_ROOT}/Manifest.lock",
			);
			name = "[CP] Check Pods Manifest.lock";
			outputFileListPaths = (
			);
			outputPaths = (
				"$(DERIVED_FILE_DIR)/Pods-Turbo Movie-Turbo MovieUITests-checkManifestLockResult.txt",
			);
			runOnlyForDeploymentPostprocessing = 0;
			shellPath = /bin/sh;
			shellScript = "diff \"${PODS_PODFILE_DIR_PATH}/Podfile.lock\" \"${PODS_ROOT}/Manifest.lock\" > /dev/null\nif [ $? != 0 ] ; then\n    # print error to STDERR\n    echo \"error: The sandbox is not in sync with the Podfile.lock. Run 'pod install' or update your CocoaPods installation.\" >&2\n    exit 1\nfi\n# This output is used by Xcode 'outputs' to avoid re-running this script phase.\necho \"SUCCESS\" > \"${SCRIPT_OUTPUT_FILE_0}\"\n";
			showEnvVarsInLog = 0;
		};
		767873005221C89561F04F13 /* [CP] Check Pods Manifest.lock */ = {
			isa = PBXShellScriptBuildPhase;
			buildActionMask = 2147483647;
			files = (
			);
			inputFileListPaths = (
			);
			inputPaths = (
				"${PODS_PODFILE_DIR_PATH}/Podfile.lock",
				"${PODS_ROOT}/Manifest.lock",
			);
			name = "[CP] Check Pods Manifest.lock";
			outputFileListPaths = (
			);
			outputPaths = (
				"$(DERIVED_FILE_DIR)/Pods-Turbo MovieTests-checkManifestLockResult.txt",
			);
			runOnlyForDeploymentPostprocessing = 0;
			shellPath = /bin/sh;
			shellScript = "diff \"${PODS_PODFILE_DIR_PATH}/Podfile.lock\" \"${PODS_ROOT}/Manifest.lock\" > /dev/null\nif [ $? != 0 ] ; then\n    # print error to STDERR\n    echo \"error: The sandbox is not in sync with the Podfile.lock. Run 'pod install' or update your CocoaPods installation.\" >&2\n    exit 1\nfi\n# This output is used by Xcode 'outputs' to avoid re-running this script phase.\necho \"SUCCESS\" > \"${SCRIPT_OUTPUT_FILE_0}\"\n";
			showEnvVarsInLog = 0;
		};
		C663B766DB0FDB16A3B8C902 /* [CP] Check Pods Manifest.lock */ = {
			isa = PBXShellScriptBuildPhase;
			buildActionMask = 2147483647;
			files = (
			);
			inputFileListPaths = (
			);
			inputPaths = (
				"${PODS_PODFILE_DIR_PATH}/Podfile.lock",
				"${PODS_ROOT}/Manifest.lock",
			);
			name = "[CP] Check Pods Manifest.lock";
			outputFileListPaths = (
			);
			outputPaths = (
				"$(DERIVED_FILE_DIR)/Pods-Turbo Movie-checkManifestLockResult.txt",
			);
			runOnlyForDeploymentPostprocessing = 0;
			shellPath = /bin/sh;
			shellScript = "diff \"${PODS_PODFILE_DIR_PATH}/Podfile.lock\" \"${PODS_ROOT}/Manifest.lock\" > /dev/null\nif [ $? != 0 ] ; then\n    # print error to STDERR\n    echo \"error: The sandbox is not in sync with the Podfile.lock. Run 'pod install' or update your CocoaPods installation.\" >&2\n    exit 1\nfi\n# This output is used by Xcode 'outputs' to avoid re-running this script phase.\necho \"SUCCESS\" > \"${SCRIPT_OUTPUT_FILE_0}\"\n";
			showEnvVarsInLog = 0;
		};
		CD75170469BBF58ADFC29C0E /* [CP] Embed Pods Frameworks */ = {
			isa = PBXShellScriptBuildPhase;
			buildActionMask = 2147483647;
			files = (
			);
			inputFileListPaths = (
				"${PODS_ROOT}/Target Support Files/Pods-Turbo Movie/Pods-Turbo Movie-frameworks-${CONFIGURATION}-input-files.xcfilelist",
			);
			name = "[CP] Embed Pods Frameworks";
			outputFileListPaths = (
				"${PODS_ROOT}/Target Support Files/Pods-Turbo Movie/Pods-Turbo Movie-frameworks-${CONFIGURATION}-output-files.xcfilelist",
			);
			runOnlyForDeploymentPostprocessing = 0;
			shellPath = /bin/sh;
			shellScript = "\"${PODS_ROOT}/Target Support Files/Pods-Turbo Movie/Pods-Turbo Movie-frameworks.sh\"\n";
			showEnvVarsInLog = 0;
		};
		FBB9585CC94A9F8B26112CEB /* [CP] Embed Pods Frameworks */ = {
			isa = PBXShellScriptBuildPhase;
			buildActionMask = 2147483647;
			files = (
			);
			inputFileListPaths = (
				"${PODS_ROOT}/Target Support Files/Pods-Turbo Movie-Turbo MovieUITests/Pods-Turbo Movie-Turbo MovieUITests-frameworks-${CONFIGURATION}-input-files.xcfilelist",
			);
			name = "[CP] Embed Pods Frameworks";
			outputFileListPaths = (
				"${PODS_ROOT}/Target Support Files/Pods-Turbo Movie-Turbo MovieUITests/Pods-Turbo Movie-Turbo MovieUITests-frameworks-${CONFIGURATION}-output-files.xcfilelist",
			);
			runOnlyForDeploymentPostprocessing = 0;
			shellPath = /bin/sh;
			shellScript = "\"${PODS_ROOT}/Target Support Files/Pods-Turbo Movie-Turbo MovieUITests/Pods-Turbo Movie-Turbo MovieUITests-frameworks.sh\"\n";
			showEnvVarsInLog = 0;
		};
/* End PBXShellScriptBuildPhase section */

/* Begin PBXSourcesBuildPhase section */
		2390EC7224E1708400607910 /* Sources */ = {
			isa = PBXSourcesBuildPhase;
			buildActionMask = 2147483647;
			files = (
				2390EC7E24E1708400607910 /* ViewController.swift in Sources */,
				2390EC7A24E1708400607910 /* AppDelegate.swift in Sources */,
				2390ECB224E177AF00607910 /* NetworkManager.swift in Sources */,
				2390EC7C24E1708400607910 /* SceneDelegate.swift in Sources */,
				2390ECBE24E1823400607910 /* Movie.swift in Sources */,
				2390ECB824E17B2000607910 /* LoginViewController.swift in Sources */,
				2390ECC424E19D8E00607910 /* CustomView.swift in Sources */,
				2390ECBC24E17B7500607910 /* MovieTableViewController.swift in Sources */,
				2390EC8424E1708400607910 /* Turbo_Movie.xcdatamodeld in Sources */,
				2390ECC224E19C3400607910 /* CustomButton.swift in Sources */,
				2390ECB424E1785900607910 /* Constants.swift in Sources */,
				2390ECC024E18F1400607910 /* MovieTableViewCell.swift in Sources */,
				2390ECB624E17B1000607910 /* WelcomViewController.swift in Sources */,
			);
			runOnlyForDeploymentPostprocessing = 0;
		};
		2390EC8B24E1708400607910 /* Sources */ = {
			isa = PBXSourcesBuildPhase;
			buildActionMask = 2147483647;
			files = (
				2390EC9424E1708400607910 /* Turbo_MovieTests.swift in Sources */,
			);
			runOnlyForDeploymentPostprocessing = 0;
		};
		2390EC9624E1708400607910 /* Sources */ = {
			isa = PBXSourcesBuildPhase;
			buildActionMask = 2147483647;
			files = (
				2390EC9F24E1708400607910 /* Turbo_MovieUITests.swift in Sources */,
			);
			runOnlyForDeploymentPostprocessing = 0;
		};
/* End PBXSourcesBuildPhase section */

/* Begin PBXTargetDependency section */
		2390EC9124E1708400607910 /* PBXTargetDependency */ = {
			isa = PBXTargetDependency;
			target = 2390EC7524E1708400607910 /* Turbo Movie */;
			targetProxy = 2390EC9024E1708400607910 /* PBXContainerItemProxy */;
		};
		2390EC9C24E1708400607910 /* PBXTargetDependency */ = {
			isa = PBXTargetDependency;
			target = 2390EC7524E1708400607910 /* Turbo Movie */;
			targetProxy = 2390EC9B24E1708400607910 /* PBXContainerItemProxy */;
		};
/* End PBXTargetDependency section */

/* Begin PBXVariantGroup section */
		2390EC7F24E1708400607910 /* Main.storyboard */ = {
			isa = PBXVariantGroup;
			children = (
				2390EC8024E1708400607910 /* Base */,
			);
			name = Main.storyboard;
			sourceTree = "<group>";
		};
		2390EC8724E1708400607910 /* LaunchScreen.storyboard */ = {
			isa = PBXVariantGroup;
			children = (
				2390EC8824E1708400607910 /* Base */,
			);
			name = LaunchScreen.storyboard;
			sourceTree = "<group>";
		};
/* End PBXVariantGroup section */

/* Begin XCBuildConfiguration section */
		2390ECA124E1708400607910 /* Debug */ = {
			isa = XCBuildConfiguration;
			buildSettings = {
				ALWAYS_SEARCH_USER_PATHS = NO;
				CLANG_ANALYZER_NONNULL = YES;
				CLANG_ANALYZER_NUMBER_OBJECT_CONVERSION = YES_AGGRESSIVE;
				CLANG_CXX_LANGUAGE_STANDARD = "gnu++14";
				CLANG_CXX_LIBRARY = "libc++";
				CLANG_ENABLE_MODULES = YES;
				CLANG_ENABLE_OBJC_ARC = YES;
				CLANG_ENABLE_OBJC_WEAK = YES;
				CLANG_WARN_BLOCK_CAPTURE_AUTORELEASING = YES;
				CLANG_WARN_BOOL_CONVERSION = YES;
				CLANG_WARN_COMMA = YES;
				CLANG_WARN_CONSTANT_CONVERSION = YES;
				CLANG_WARN_DEPRECATED_OBJC_IMPLEMENTATIONS = YES;
				CLANG_WARN_DIRECT_OBJC_ISA_USAGE = YES_ERROR;
				CLANG_WARN_DOCUMENTATION_COMMENTS = YES;
				CLANG_WARN_EMPTY_BODY = YES;
				CLANG_WARN_ENUM_CONVERSION = YES;
				CLANG_WARN_INFINITE_RECURSION = YES;
				CLANG_WARN_INT_CONVERSION = YES;
				CLANG_WARN_NON_LITERAL_NULL_CONVERSION = YES;
				CLANG_WARN_OBJC_IMPLICIT_RETAIN_SELF = YES;
				CLANG_WARN_OBJC_LITERAL_CONVERSION = YES;
				CLANG_WARN_OBJC_ROOT_CLASS = YES_ERROR;
				CLANG_WARN_RANGE_LOOP_ANALYSIS = YES;
				CLANG_WARN_STRICT_PROTOTYPES = YES;
				CLANG_WARN_SUSPICIOUS_MOVE = YES;
				CLANG_WARN_UNGUARDED_AVAILABILITY = YES_AGGRESSIVE;
				CLANG_WARN_UNREACHABLE_CODE = YES;
				CLANG_WARN__DUPLICATE_METHOD_MATCH = YES;
				COPY_PHASE_STRIP = NO;
				DEBUG_INFORMATION_FORMAT = dwarf;
				ENABLE_STRICT_OBJC_MSGSEND = YES;
				ENABLE_TESTABILITY = YES;
				GCC_C_LANGUAGE_STANDARD = gnu11;
				GCC_DYNAMIC_NO_PIC = NO;
				GCC_NO_COMMON_BLOCKS = YES;
				GCC_OPTIMIZATION_LEVEL = 0;
				GCC_PREPROCESSOR_DEFINITIONS = (
					"DEBUG=1",
					"$(inherited)",
				);
				GCC_WARN_64_TO_32_BIT_CONVERSION = YES;
				GCC_WARN_ABOUT_RETURN_TYPE = YES_ERROR;
				GCC_WARN_UNDECLARED_SELECTOR = YES;
				GCC_WARN_UNINITIALIZED_AUTOS = YES_AGGRESSIVE;
				GCC_WARN_UNUSED_FUNCTION = YES;
				GCC_WARN_UNUSED_VARIABLE = YES;
				IPHONEOS_DEPLOYMENT_TARGET = 13.6;
				MTL_ENABLE_DEBUG_INFO = INCLUDE_SOURCE;
				MTL_FAST_MATH = YES;
				ONLY_ACTIVE_ARCH = YES;
				SDKROOT = iphoneos;
				SWIFT_ACTIVE_COMPILATION_CONDITIONS = DEBUG;
				SWIFT_OPTIMIZATION_LEVEL = "-Onone";
			};
			name = Debug;
		};
		2390ECA224E1708400607910 /* Release */ = {
			isa = XCBuildConfiguration;
			buildSettings = {
				ALWAYS_SEARCH_USER_PATHS = NO;
				CLANG_ANALYZER_NONNULL = YES;
				CLANG_ANALYZER_NUMBER_OBJECT_CONVERSION = YES_AGGRESSIVE;
				CLANG_CXX_LANGUAGE_STANDARD = "gnu++14";
				CLANG_CXX_LIBRARY = "libc++";
				CLANG_ENABLE_MODULES = YES;
				CLANG_ENABLE_OBJC_ARC = YES;
				CLANG_ENABLE_OBJC_WEAK = YES;
				CLANG_WARN_BLOCK_CAPTURE_AUTORELEASING = YES;
				CLANG_WARN_BOOL_CONVERSION = YES;
				CLANG_WARN_COMMA = YES;
				CLANG_WARN_CONSTANT_CONVERSION = YES;
				CLANG_WARN_DEPRECATED_OBJC_IMPLEMENTATIONS = YES;
				CLANG_WARN_DIRECT_OBJC_ISA_USAGE = YES_ERROR;
				CLANG_WARN_DOCUMENTATION_COMMENTS = YES;
				CLANG_WARN_EMPTY_BODY = YES;
				CLANG_WARN_ENUM_CONVERSION = YES;
				CLANG_WARN_INFINITE_RECURSION = YES;
				CLANG_WARN_INT_CONVERSION = YES;
				CLANG_WARN_NON_LITERAL_NULL_CONVERSION = YES;
				CLANG_WARN_OBJC_IMPLICIT_RETAIN_SELF = YES;
				CLANG_WARN_OBJC_LITERAL_CONVERSION = YES;
				CLANG_WARN_OBJC_ROOT_CLASS = YES_ERROR;
				CLANG_WARN_RANGE_LOOP_ANALYSIS = YES;
				CLANG_WARN_STRICT_PROTOTYPES = YES;
				CLANG_WARN_SUSPICIOUS_MOVE = YES;
				CLANG_WARN_UNGUARDED_AVAILABILITY = YES_AGGRESSIVE;
				CLANG_WARN_UNREACHABLE_CODE = YES;
				CLANG_WARN__DUPLICATE_METHOD_MATCH = YES;
				COPY_PHASE_STRIP = NO;
				DEBUG_INFORMATION_FORMAT = "dwarf-with-dsym";
				ENABLE_NS_ASSERTIONS = NO;
				ENABLE_STRICT_OBJC_MSGSEND = YES;
				GCC_C_LANGUAGE_STANDARD = gnu11;
				GCC_NO_COMMON_BLOCKS = YES;
				GCC_WARN_64_TO_32_BIT_CONVERSION = YES;
				GCC_WARN_ABOUT_RETURN_TYPE = YES_ERROR;
				GCC_WARN_UNDECLARED_SELECTOR = YES;
				GCC_WARN_UNINITIALIZED_AUTOS = YES_AGGRESSIVE;
				GCC_WARN_UNUSED_FUNCTION = YES;
				GCC_WARN_UNUSED_VARIABLE = YES;
				IPHONEOS_DEPLOYMENT_TARGET = 13.6;
				MTL_ENABLE_DEBUG_INFO = NO;
				MTL_FAST_MATH = YES;
				SDKROOT = iphoneos;
				SWIFT_COMPILATION_MODE = wholemodule;
				SWIFT_OPTIMIZATION_LEVEL = "-O";
				VALIDATE_PRODUCT = YES;
			};
			name = Release;
		};
		2390ECA424E1708400607910 /* Debug */ = {
			isa = XCBuildConfiguration;
			baseConfigurationReference = 293CD57D5253ABA132C39F6D /* Pods-Turbo Movie.debug.xcconfig */;
			buildSettings = {
				ASSETCATALOG_COMPILER_APPICON_NAME = AppIcon;
				CODE_SIGN_STYLE = Automatic;
				INFOPLIST_FILE = "Turbo Movie/Info.plist";
				LD_RUNPATH_SEARCH_PATHS = (
					"$(inherited)",
					"@executable_path/Frameworks",
				);
				PRODUCT_BUNDLE_IDENTIFIER = "co.slash.Turbo-Movie";
				PRODUCT_NAME = "$(TARGET_NAME)";
				SWIFT_VERSION = 5.0;
				TARGETED_DEVICE_FAMILY = "1,2";
			};
			name = Debug;
		};
		2390ECA524E1708400607910 /* Release */ = {
			isa = XCBuildConfiguration;
			baseConfigurationReference = 22B2CE95F4C8AD2F5D37BA9E /* Pods-Turbo Movie.release.xcconfig */;
			buildSettings = {
				ASSETCATALOG_COMPILER_APPICON_NAME = AppIcon;
				CODE_SIGN_STYLE = Automatic;
				INFOPLIST_FILE = "Turbo Movie/Info.plist";
				LD_RUNPATH_SEARCH_PATHS = (
					"$(inherited)",
					"@executable_path/Frameworks",
				);
				PRODUCT_BUNDLE_IDENTIFIER = "co.slash.Turbo-Movie";
				PRODUCT_NAME = "$(TARGET_NAME)";
				SWIFT_VERSION = 5.0;
				TARGETED_DEVICE_FAMILY = "1,2";
			};
			name = Release;
		};
		2390ECA724E1708400607910 /* Debug */ = {
			isa = XCBuildConfiguration;
			baseConfigurationReference = 4BE4A3D04E2B541DC8292F9A /* Pods-Turbo MovieTests.debug.xcconfig */;
			buildSettings = {
				ALWAYS_EMBED_SWIFT_STANDARD_LIBRARIES = YES;
				BUNDLE_LOADER = "$(TEST_HOST)";
				CODE_SIGN_STYLE = Automatic;
				INFOPLIST_FILE = "Turbo MovieTests/Info.plist";
				IPHONEOS_DEPLOYMENT_TARGET = 13.6;
				LD_RUNPATH_SEARCH_PATHS = (
					"$(inherited)",
					"@executable_path/Frameworks",
					"@loader_path/Frameworks",
				);
				PRODUCT_BUNDLE_IDENTIFIER = "co.slash.Turbo-MovieTests";
				PRODUCT_NAME = "$(TARGET_NAME)";
				SWIFT_VERSION = 5.0;
				TARGETED_DEVICE_FAMILY = "1,2";
				TEST_HOST = "$(BUILT_PRODUCTS_DIR)/Turbo Movie.app/Turbo Movie";
			};
			name = Debug;
		};
		2390ECA824E1708400607910 /* Release */ = {
			isa = XCBuildConfiguration;
			baseConfigurationReference = 73D3ED333EB7B01BD92D1E62 /* Pods-Turbo MovieTests.release.xcconfig */;
			buildSettings = {
				ALWAYS_EMBED_SWIFT_STANDARD_LIBRARIES = YES;
				BUNDLE_LOADER = "$(TEST_HOST)";
				CODE_SIGN_STYLE = Automatic;
				INFOPLIST_FILE = "Turbo MovieTests/Info.plist";
				IPHONEOS_DEPLOYMENT_TARGET = 13.6;
				LD_RUNPATH_SEARCH_PATHS = (
					"$(inherited)",
					"@executable_path/Frameworks",
					"@loader_path/Frameworks",
				);
				PRODUCT_BUNDLE_IDENTIFIER = "co.slash.Turbo-MovieTests";
				PRODUCT_NAME = "$(TARGET_NAME)";
				SWIFT_VERSION = 5.0;
				TARGETED_DEVICE_FAMILY = "1,2";
				TEST_HOST = "$(BUILT_PRODUCTS_DIR)/Turbo Movie.app/Turbo Movie";
			};
			name = Release;
		};
		2390ECAA24E1708400607910 /* Debug */ = {
			isa = XCBuildConfiguration;
			baseConfigurationReference = AB8B040CF6F1F603BDC7BDB7 /* Pods-Turbo Movie-Turbo MovieUITests.debug.xcconfig */;
			buildSettings = {
				ALWAYS_EMBED_SWIFT_STANDARD_LIBRARIES = YES;
				CODE_SIGN_STYLE = Automatic;
				INFOPLIST_FILE = "Turbo MovieUITests/Info.plist";
				LD_RUNPATH_SEARCH_PATHS = (
					"$(inherited)",
					"@executable_path/Frameworks",
					"@loader_path/Frameworks",
				);
				PRODUCT_BUNDLE_IDENTIFIER = "co.slash.Turbo-MovieUITests";
				PRODUCT_NAME = "$(TARGET_NAME)";
				SWIFT_VERSION = 5.0;
				TARGETED_DEVICE_FAMILY = "1,2";
				TEST_TARGET_NAME = "Turbo Movie";
			};
			name = Debug;
		};
		2390ECAB24E1708400607910 /* Release */ = {
			isa = XCBuildConfiguration;
			baseConfigurationReference = D20991F2224EDCBCDDAA630F /* Pods-Turbo Movie-Turbo MovieUITests.release.xcconfig */;
			buildSettings = {
				ALWAYS_EMBED_SWIFT_STANDARD_LIBRARIES = YES;
				CODE_SIGN_STYLE = Automatic;
				INFOPLIST_FILE = "Turbo MovieUITests/Info.plist";
				LD_RUNPATH_SEARCH_PATHS = (
					"$(inherited)",
					"@executable_path/Frameworks",
					"@loader_path/Frameworks",
				);
				PRODUCT_BUNDLE_IDENTIFIER = "co.slash.Turbo-MovieUITests";
				PRODUCT_NAME = "$(TARGET_NAME)";
				SWIFT_VERSION = 5.0;
				TARGETED_DEVICE_FAMILY = "1,2";
				TEST_TARGET_NAME = "Turbo Movie";
			};
			name = Release;
		};
/* End XCBuildConfiguration section */

/* Begin XCConfigurationList section */
		2390EC7124E1708300607910 /* Build configuration list for PBXProject "Turbo Movie" */ = {
			isa = XCConfigurationList;
			buildConfigurations = (
				2390ECA124E1708400607910 /* Debug */,
				2390ECA224E1708400607910 /* Release */,
			);
			defaultConfigurationIsVisible = 0;
			defaultConfigurationName = Release;
		};
		2390ECA324E1708400607910 /* Build configuration list for PBXNativeTarget "Turbo Movie" */ = {
			isa = XCConfigurationList;
			buildConfigurations = (
				2390ECA424E1708400607910 /* Debug */,
				2390ECA524E1708400607910 /* Release */,
			);
			defaultConfigurationIsVisible = 0;
			defaultConfigurationName = Release;
		};
		2390ECA624E1708400607910 /* Build configuration list for PBXNativeTarget "Turbo MovieTests" */ = {
			isa = XCConfigurationList;
			buildConfigurations = (
				2390ECA724E1708400607910 /* Debug */,
				2390ECA824E1708400607910 /* Release */,
			);
			defaultConfigurationIsVisible = 0;
			defaultConfigurationName = Release;
		};
		2390ECA924E1708400607910 /* Build configuration list for PBXNativeTarget "Turbo MovieUITests" */ = {
			isa = XCConfigurationList;
			buildConfigurations = (
				2390ECAA24E1708400607910 /* Debug */,
				2390ECAB24E1708400607910 /* Release */,
			);
			defaultConfigurationIsVisible = 0;
			defaultConfigurationName = Release;
		};
/* End XCConfigurationList section */

/* Begin XCVersionGroup section */
		2390EC8224E1708400607910 /* Turbo_Movie.xcdatamodeld */ = {
			isa = XCVersionGroup;
			children = (
				2390EC8324E1708400607910 /* Turbo_Movie.xcdatamodel */,
			);
			currentVersion = 2390EC8324E1708400607910 /* Turbo_Movie.xcdatamodel */;
			path = Turbo_Movie.xcdatamodeld;
			sourceTree = "<group>";
			versionGroupType = wrapper.xcdatamodel;
		};
/* End XCVersionGroup section */
	};
	rootObject = 2390EC6E24E1708300607910 /* Project object */;
}
